// !$*UTF8*$!
{
	archiveVersion = 1;
	classes = {
	};
	objectVersion = 56;
	objects = {

/* Begin PBXBuildFile section */
		03D175E529FBBFE2001D1EE1 /* AppDelegate.swift in Sources */ = {isa = PBXBuildFile; fileRef = 03D175E429FBBFE2001D1EE1 /* AppDelegate.swift */; };
		03D175E729FBBFE2001D1EE1 /* SceneDelegate.swift in Sources */ = {isa = PBXBuildFile; fileRef = 03D175E629FBBFE2001D1EE1 /* SceneDelegate.swift */; };
		03D175EC29FBBFE2001D1EE1 /* Main.storyboard in Resources */ = {isa = PBXBuildFile; fileRef = 03D175EA29FBBFE2001D1EE1 /* Main.storyboard */; };
		03D175EE29FBBFE3001D1EE1 /* Assets.xcassets in Resources */ = {isa = PBXBuildFile; fileRef = 03D175ED29FBBFE3001D1EE1 /* Assets.xcassets */; };
		03D175F129FBBFE3001D1EE1 /* LaunchScreen.storyboard in Resources */ = {isa = PBXBuildFile; fileRef = 03D175EF29FBBFE3001D1EE1 /* LaunchScreen.storyboard */; };
		03D1760329FBC005001D1EE1 /* CreatePartyController.swift in Sources */ = {isa = PBXBuildFile; fileRef = 03D175F829FBC003001D1EE1 /* CreatePartyController.swift */; };
		03D1760429FBC005001D1EE1 /* OTPViewController.swift in Sources */ = {isa = PBXBuildFile; fileRef = 03D175F929FBC003001D1EE1 /* OTPViewController.swift */; };
		03D1760529FBC005001D1EE1 /* AddPlaylistController.swift in Sources */ = {isa = PBXBuildFile; fileRef = 03D175FA29FBC003001D1EE1 /* AddPlaylistController.swift */; };
		03D1760629FBC005001D1EE1 /* LoginControllerNew.swift in Sources */ = {isa = PBXBuildFile; fileRef = 03D175FB29FBC004001D1EE1 /* LoginControllerNew.swift */; };
		03D1760729FBC005001D1EE1 /* AddGuestViewController.swift in Sources */ = {isa = PBXBuildFile; fileRef = 03D175FC29FBC004001D1EE1 /* AddGuestViewController.swift */; };
		03D1760829FBC005001D1EE1 /* ViewPlaylistController.swift in Sources */ = {isa = PBXBuildFile; fileRef = 03D175FD29FBC004001D1EE1 /* ViewPlaylistController.swift */; };
		03D1760929FBC005001D1EE1 /* ViewController.swift in Sources */ = {isa = PBXBuildFile; fileRef = 03D175FE29FBC004001D1EE1 /* ViewController.swift */; };
		03D1760A29FBC005001D1EE1 /* VideoDetailViewController.swift in Sources */ = {isa = PBXBuildFile; fileRef = 03D175FF29FBC004001D1EE1 /* VideoDetailViewController.swift */; };
		03D1760B29FBC005001D1EE1 /* SearchVideosTableView.swift in Sources */ = {isa = PBXBuildFile; fileRef = 03D1760029FBC005001D1EE1 /* SearchVideosTableView.swift */; };
		03D1760C29FBC005001D1EE1 /* ViewGuestController.swift in Sources */ = {isa = PBXBuildFile; fileRef = 03D1760129FBC005001D1EE1 /* ViewGuestController.swift */; };
		03D1760D29FBC005001D1EE1 /* VideoPlayerController.swift in Sources */ = {isa = PBXBuildFile; fileRef = 03D1760229FBC005001D1EE1 /* VideoPlayerController.swift */; };
/* End PBXBuildFile section */

/* Begin PBXFileReference section */
		03D175E129FBBFE2001D1EE1 /* DJYOUMEE.app */ = {isa = PBXFileReference; explicitFileType = wrapper.application; includeInIndex = 0; path = DJYOUMEE.app; sourceTree = BUILT_PRODUCTS_DIR; };
		03D175E429FBBFE2001D1EE1 /* AppDelegate.swift */ = {isa = PBXFileReference; lastKnownFileType = sourcecode.swift; path = AppDelegate.swift; sourceTree = "<group>"; };
		03D175E629FBBFE2001D1EE1 /* SceneDelegate.swift */ = {isa = PBXFileReference; lastKnownFileType = sourcecode.swift; path = SceneDelegate.swift; sourceTree = "<group>"; };
		03D175EB29FBBFE2001D1EE1 /* Base */ = {isa = PBXFileReference; lastKnownFileType = file.storyboard; name = Base; path = Base.lproj/Main.storyboard; sourceTree = "<group>"; };
		03D175ED29FBBFE3001D1EE1 /* Assets.xcassets */ = {isa = PBXFileReference; lastKnownFileType = folder.assetcatalog; path = Assets.xcassets; sourceTree = "<group>"; };
		03D175F029FBBFE3001D1EE1 /* Base */ = {isa = PBXFileReference; lastKnownFileType = file.storyboard; name = Base; path = Base.lproj/LaunchScreen.storyboard; sourceTree = "<group>"; };
		03D175F229FBBFE3001D1EE1 /* Info.plist */ = {isa = PBXFileReference; lastKnownFileType = text.plist.xml; path = Info.plist; sourceTree = "<group>"; };
		03D175F829FBC003001D1EE1 /* CreatePartyController.swift */ = {isa = PBXFileReference; fileEncoding = 4; lastKnownFileType = sourcecode.swift; path = CreatePartyController.swift; sourceTree = "<group>"; };
		03D175F929FBC003001D1EE1 /* OTPViewController.swift */ = {isa = PBXFileReference; fileEncoding = 4; lastKnownFileType = sourcecode.swift; path = OTPViewController.swift; sourceTree = "<group>"; };
		03D175FA29FBC003001D1EE1 /* AddPlaylistController.swift */ = {isa = PBXFileReference; fileEncoding = 4; lastKnownFileType = sourcecode.swift; path = AddPlaylistController.swift; sourceTree = "<group>"; };
		03D175FB29FBC004001D1EE1 /* LoginControllerNew.swift */ = {isa = PBXFileReference; fileEncoding = 4; lastKnownFileType = sourcecode.swift; path = LoginControllerNew.swift; sourceTree = "<group>"; };
		03D175FC29FBC004001D1EE1 /* AddGuestViewController.swift */ = {isa = PBXFileReference; fileEncoding = 4; lastKnownFileType = sourcecode.swift; path = AddGuestViewController.swift; sourceTree = "<group>"; };
		03D175FD29FBC004001D1EE1 /* ViewPlaylistController.swift */ = {isa = PBXFileReference; fileEncoding = 4; lastKnownFileType = sourcecode.swift; path = ViewPlaylistController.swift; sourceTree = "<group>"; };
		03D175FE29FBC004001D1EE1 /* ViewController.swift */ = {isa = PBXFileReference; fileEncoding = 4; lastKnownFileType = sourcecode.swift; path = ViewController.swift; sourceTree = "<group>"; };
		03D175FF29FBC004001D1EE1 /* VideoDetailViewController.swift */ = {isa = PBXFileReference; fileEncoding = 4; lastKnownFileType = sourcecode.swift; path = VideoDetailViewController.swift; sourceTree = "<group>"; };
		03D1760029FBC005001D1EE1 /* SearchVideosTableView.swift */ = {isa = PBXFileReference; fileEncoding = 4; lastKnownFileType = sourcecode.swift; path = SearchVideosTableView.swift; sourceTree = "<group>"; };
		03D1760129FBC005001D1EE1 /* ViewGuestController.swift */ = {isa = PBXFileReference; fileEncoding = 4; lastKnownFileType = sourcecode.swift; path = ViewGuestController.swift; sourceTree = "<group>"; };
		03D1760229FBC005001D1EE1 /* VideoPlayerController.swift */ = {isa = PBXFileReference; fileEncoding = 4; lastKnownFileType = sourcecode.swift; path = VideoPlayerController.swift; sourceTree = "<group>"; };
/* End PBXFileReference section */

/* Begin PBXFrameworksBuildPhase section */
		03D175DE29FBBFE2001D1EE1 /* Frameworks */ = {
			isa = PBXFrameworksBuildPhase;
			buildActionMask = 2147483647;
			files = (
			);
			runOnlyForDeploymentPostprocessing = 0;
		};
/* End PBXFrameworksBuildPhase section */

/* Begin PBXGroup section */
		03D175D829FBBFE2001D1EE1 = {
			isa = PBXGroup;
			children = (
				03D175E329FBBFE2001D1EE1 /* DJYOUMEE */,
				03D175E229FBBFE2001D1EE1 /* Products */,
			);
			sourceTree = "<group>";
		};
		03D175E229FBBFE2001D1EE1 /* Products */ = {
			isa = PBXGroup;
			children = (
				03D175E129FBBFE2001D1EE1 /* DJYOUMEE.app */,
			);
			name = Products;
			sourceTree = "<group>";
		};
		03D175E329FBBFE2001D1EE1 /* DJYOUMEE */ = {
			isa = PBXGroup;
			children = (
				03D175E429FBBFE2001D1EE1 /* AppDelegate.swift */,
				03D175E629FBBFE2001D1EE1 /* SceneDelegate.swift */,
				03D175EA29FBBFE2001D1EE1 /* Main.storyboard */,
				03D175FB29FBC004001D1EE1 /* LoginControllerNew.swift */,
				03D175F929FBC003001D1EE1 /* OTPViewController.swift */,
				03D175FE29FBC004001D1EE1 /* ViewController.swift */,
				03D175F829FBC003001D1EE1 /* CreatePartyController.swift */,
				03D175FC29FBC004001D1EE1 /* AddGuestViewController.swift */,
				03D1760129FBC005001D1EE1 /* ViewGuestController.swift */,
				03D175FA29FBC003001D1EE1 /* AddPlaylistController.swift */,
				03D175FD29FBC004001D1EE1 /* ViewPlaylistController.swift */,
				03D1760029FBC005001D1EE1 /* SearchVideosTableView.swift */,
				03D175FF29FBC004001D1EE1 /* VideoDetailViewController.swift */,
				03D1760229FBC005001D1EE1 /* VideoPlayerController.swift */,
				03D175ED29FBBFE3001D1EE1 /* Assets.xcassets */,
				03D175EF29FBBFE3001D1EE1 /* LaunchScreen.storyboard */,
				03D175F229FBBFE3001D1EE1 /* Info.plist */,
			);
			path = DJYOUMEE;
			sourceTree = "<group>";
		};
/* End PBXGroup section */

/* Begin PBXNativeTarget section */
		03D175E029FBBFE2001D1EE1 /* DJYOUMEE */ = {
			isa = PBXNativeTarget;
			buildConfigurationList = 03D175F529FBBFE3001D1EE1 /* Build configuration list for PBXNativeTarget "DJYOUMEE" */;
			buildPhases = (
				03D175DD29FBBFE2001D1EE1 /* Sources */,
				03D175DE29FBBFE2001D1EE1 /* Frameworks */,
				03D175DF29FBBFE2001D1EE1 /* Resources */,
			);
			buildRules = (
			);
			dependencies = (
			);
			name = DJYOUMEE;
			productName = DJYOUMEE;
			productReference = 03D175E129FBBFE2001D1EE1 /* DJYOUMEE.app */;
			productType = "com.apple.product-type.application";
		};
/* End PBXNativeTarget section */

/* Begin PBXProject section */
		03D175D929FBBFE2001D1EE1 /* Project object */ = {
			isa = PBXProject;
			attributes = {
				BuildIndependentTargetsInParallel = 1;
				LastSwiftUpdateCheck = 1430;
				LastUpgradeCheck = 1430;
				TargetAttributes = {
					03D175E029FBBFE2001D1EE1 = {
						CreatedOnToolsVersion = 14.3;
					};
				};
			};
			buildConfigurationList = 03D175DC29FBBFE2001D1EE1 /* Build configuration list for PBXProject "DJYOUMEE" */;
			compatibilityVersion = "Xcode 14.0";
			developmentRegion = en;
			hasScannedForEncodings = 0;
			knownRegions = (
				en,
				Base,
			);
			mainGroup = 03D175D829FBBFE2001D1EE1;
			productRefGroup = 03D175E229FBBFE2001D1EE1 /* Products */;
			projectDirPath = "";
			projectRoot = "";
			targets = (
				03D175E029FBBFE2001D1EE1 /* DJYOUMEE */,
			);
		};
/* End PBXProject section */

/* Begin PBXResourcesBuildPhase section */
		03D175DF29FBBFE2001D1EE1 /* Resources */ = {
			isa = PBXResourcesBuildPhase;
			buildActionMask = 2147483647;
			files = (
				03D175F129FBBFE3001D1EE1 /* LaunchScreen.storyboard in Resources */,
				03D175EE29FBBFE3001D1EE1 /* Assets.xcassets in Resources */,
				03D175EC29FBBFE2001D1EE1 /* Main.storyboard in Resources */,
			);
			runOnlyForDeploymentPostprocessing = 0;
		};
/* End PBXResourcesBuildPhase section */

/* Begin PBXSourcesBuildPhase section */
		03D175DD29FBBFE2001D1EE1 /* Sources */ = {
			isa = PBXSourcesBuildPhase;
			buildActionMask = 2147483647;
			files = (
				03D1760B29FBC005001D1EE1 /* SearchVideosTableView.swift in Sources */,
				03D1760829FBC005001D1EE1 /* ViewPlaylistController.swift in Sources */,
				03D1760429FBC005001D1EE1 /* OTPViewController.swift in Sources */,
				03D1760D29FBC005001D1EE1 /* VideoPlayerController.swift in Sources */,
				03D175E529FBBFE2001D1EE1 /* AppDelegate.swift in Sources */,
				03D1760A29FBC005001D1EE1 /* VideoDetailViewController.swift in Sources */,
				03D1760929FBC005001D1EE1 /* ViewController.swift in Sources */,
				03D1760529FBC005001D1EE1 /* AddPlaylistController.swift in Sources */,
				03D1760329FBC005001D1EE1 /* CreatePartyController.swift in Sources */,
				03D1760629FBC005001D1EE1 /* LoginControllerNew.swift in Sources */,
				03D1760729FBC005001D1EE1 /* AddGuestViewController.swift in Sources */,
				03D175E729FBBFE2001D1EE1 /* SceneDelegate.swift in Sources */,
				03D1760C29FBC005001D1EE1 /* ViewGuestController.swift in Sources */,
			);
			runOnlyForDeploymentPostprocessing = 0;
		};
/* End PBXSourcesBuildPhase section */

/* Begin PBXVariantGroup section */
		03D175EA29FBBFE2001D1EE1 /* Main.storyboard */ = {
			isa = PBXVariantGroup;
			children = (
				03D175EB29FBBFE2001D1EE1 /* Base */,
			);
			name = Main.storyboard;
			sourceTree = "<group>";
		};
		03D175EF29FBBFE3001D1EE1 /* LaunchScreen.storyboard */ = {
			isa = PBXVariantGroup;
			children = (
				03D175F029FBBFE3001D1EE1 /* Base */,
			);
			name = LaunchScreen.storyboard;
			sourceTree = "<group>";
		};
/* End PBXVariantGroup section */

/* Begin XCBuildConfiguration section */
		03D175F329FBBFE3001D1EE1 /* Debug */ = {
			isa = XCBuildConfiguration;
			buildSettings = {
				ALWAYS_SEARCH_USER_PATHS = NO;
				CLANG_ANALYZER_NONNULL = YES;
				CLANG_ANALYZER_NUMBER_OBJECT_CONVERSION = YES_AGGRESSIVE;
				CLANG_CXX_LANGUAGE_STANDARD = "gnu++20";
				CLANG_ENABLE_MODULES = YES;
				CLANG_ENABLE_OBJC_ARC = YES;
				CLANG_ENABLE_OBJC_WEAK = YES;
				CLANG_WARN_BLOCK_CAPTURE_AUTORELEASING = YES;
				CLANG_WARN_BOOL_CONVERSION = YES;
				CLANG_WARN_COMMA = YES;
				CLANG_WARN_CONSTANT_CONVERSION = YES;
				CLANG_WARN_DEPRECATED_OBJC_IMPLEMENTATIONS = YES;
				CLANG_WARN_DIRECT_OBJC_ISA_USAGE = YES_ERROR;
				CLANG_WARN_DOCUMENTATION_COMMENTS = YES;
				CLANG_WARN_EMPTY_BODY = YES;
				CLANG_WARN_ENUM_CONVERSION = YES;
				CLANG_WARN_INFINITE_RECURSION = YES;
				CLANG_WARN_INT_CONVERSION = YES;
				CLANG_WARN_NON_LITERAL_NULL_CONVERSION = YES;
				CLANG_WARN_OBJC_IMPLICIT_RETAIN_SELF = YES;
				CLANG_WARN_OBJC_LITERAL_CONVERSION = YES;
				CLANG_WARN_OBJC_ROOT_CLASS = YES_ERROR;
				CLANG_WARN_QUOTED_INCLUDE_IN_FRAMEWORK_HEADER = YES;
				CLANG_WARN_RANGE_LOOP_ANALYSIS = YES;
				CLANG_WARN_STRICT_PROTOTYPES = YES;
				CLANG_WARN_SUSPICIOUS_MOVE = YES;
				CLANG_WARN_UNGUARDED_AVAILABILITY = YES_AGGRESSIVE;
				CLANG_WARN_UNREACHABLE_CODE = YES;
				CLANG_WARN__DUPLICATE_METHOD_MATCH = YES;
				COPY_PHASE_STRIP = NO;
				DEBUG_INFORMATION_FORMAT = dwarf;
				ENABLE_STRICT_OBJC_MSGSEND = YES;
				ENABLE_TESTABILITY = YES;
				GCC_C_LANGUAGE_STANDARD = gnu11;
				GCC_DYNAMIC_NO_PIC = NO;
				GCC_NO_COMMON_BLOCKS = YES;
				GCC_OPTIMIZATION_LEVEL = 0;
				GCC_PREPROCESSOR_DEFINITIONS = (
					"DEBUG=1",
					"$(inherited)",
				);
				GCC_WARN_64_TO_32_BIT_CONVERSION = YES;
				GCC_WARN_ABOUT_RETURN_TYPE = YES_ERROR;
				GCC_WARN_UNDECLARED_SELECTOR = YES;
				GCC_WARN_UNINITIALIZED_AUTOS = YES_AGGRESSIVE;
				GCC_WARN_UNUSED_FUNCTION = YES;
				GCC_WARN_UNUSED_VARIABLE = YES;
				IPHONEOS_DEPLOYMENT_TARGET = 16.4;
				MTL_ENABLE_DEBUG_INFO = INCLUDE_SOURCE;
				MTL_FAST_MATH = YES;
				ONLY_ACTIVE_ARCH = YES;
				SDKROOT = iphoneos;
				SWIFT_ACTIVE_COMPILATION_CONDITIONS = DEBUG;
				SWIFT_OPTIMIZATION_LEVEL = "-Onone";
			};
			name = Debug;
		};
		03D175F429FBBFE3001D1EE1 /* Release */ = {
			isa = XCBuildConfiguration;
			buildSettings = {
				ALWAYS_SEARCH_USER_PATHS = NO;
				CLANG_ANALYZER_NONNULL = YES;
				CLANG_ANALYZER_NUMBER_OBJECT_CONVERSION = YES_AGGRESSIVE;
				CLANG_CXX_LANGUAGE_STANDARD = "gnu++20";
				CLANG_ENABLE_MODULES = YES;
				CLANG_ENABLE_OBJC_ARC = YES;
				CLANG_ENABLE_OBJC_WEAK = YES;
				CLANG_WARN_BLOCK_CAPTURE_AUTORELEASING = YES;
				CLANG_WARN_BOOL_CONVERSION = YES;
				CLANG_WARN_COMMA = YES;
				CLANG_WARN_CONSTANT_CONVERSION = YES;
				CLANG_WARN_DEPRECATED_OBJC_IMPLEMENTATIONS = YES;
				CLANG_WARN_DIRECT_OBJC_ISA_USAGE = YES_ERROR;
				CLANG_WARN_DOCUMENTATION_COMMENTS = YES;
				CLANG_WARN_EMPTY_BODY = YES;
				CLANG_WARN_ENUM_CONVERSION = YES;
				CLANG_WARN_INFINITE_RECURSION = YES;
				CLANG_WARN_INT_CONVERSION = YES;
				CLANG_WARN_NON_LITERAL_NULL_CONVERSION = YES;
				CLANG_WARN_OBJC_IMPLICIT_RETAIN_SELF = YES;
				CLANG_WARN_OBJC_LITERAL_CONVERSION = YES;
				CLANG_WARN_OBJC_ROOT_CLASS = YES_ERROR;
				CLANG_WARN_QUOTED_INCLUDE_IN_FRAMEWORK_HEADER = YES;
				CLANG_WARN_RANGE_LOOP_ANALYSIS = YES;
				CLANG_WARN_STRICT_PROTOTYPES = YES;
				CLANG_WARN_SUSPICIOUS_MOVE = YES;
				CLANG_WARN_UNGUARDED_AVAILABILITY = YES_AGGRESSIVE;
				CLANG_WARN_UNREACHABLE_CODE = YES;
				CLANG_WARN__DUPLICATE_METHOD_MATCH = YES;
				COPY_PHASE_STRIP = NO;
				DEBUG_INFORMATION_FORMAT = "dwarf-with-dsym";
				ENABLE_NS_ASSERTIONS = NO;
				ENABLE_STRICT_OBJC_MSGSEND = YES;
				GCC_C_LANGUAGE_STANDARD = gnu11;
				GCC_NO_COMMON_BLOCKS = YES;
				GCC_WARN_64_TO_32_BIT_CONVERSION = YES;
				GCC_WARN_ABOUT_RETURN_TYPE = YES_ERROR;
				GCC_WARN_UNDECLARED_SELECTOR = YES;
				GCC_WARN_UNINITIALIZED_AUTOS = YES_AGGRESSIVE;
				GCC_WARN_UNUSED_FUNCTION = YES;
				GCC_WARN_UNUSED_VARIABLE = YES;
				IPHONEOS_DEPLOYMENT_TARGET = 16.4;
				MTL_ENABLE_DEBUG_INFO = NO;
				MTL_FAST_MATH = YES;
				SDKROOT = iphoneos;
				SWIFT_COMPILATION_MODE = wholemodule;
				SWIFT_OPTIMIZATION_LEVEL = "-O";
				VALIDATE_PRODUCT = YES;
			};
			name = Release;
		};
		03D175F629FBBFE3001D1EE1 /* Debug */ = {
			isa = XCBuildConfiguration;
			buildSettings = {
				ASSETCATALOG_COMPILER_APPICON_NAME = AppIcon;
				ASSETCATALOG_COMPILER_GLOBAL_ACCENT_COLOR_NAME = AccentColor;
				CODE_SIGN_STYLE = Automatic;
				CURRENT_PROJECT_VERSION = 1;
				DEVELOPMENT_TEAM = 25AE7Y4TP9;
				GENERATE_INFOPLIST_FILE = YES;
				INFOPLIST_FILE = DJYOUMEE/Info.plist;
				INFOPLIST_KEY_UIApplicationSupportsIndirectInputEvents = YES;
				INFOPLIST_KEY_UILaunchStoryboardName = LaunchScreen;
				INFOPLIST_KEY_UIMainStoryboardFile = Main;
				INFOPLIST_KEY_UISupportedInterfaceOrientations_iPad = "UIInterfaceOrientationPortrait UIInterfaceOrientationPortraitUpsideDown UIInterfaceOrientationLandscapeLeft UIInterfaceOrientationLandscapeRight";
				INFOPLIST_KEY_UISupportedInterfaceOrientations_iPhone = "UIInterfaceOrientationPortrait UIInterfaceOrientationLandscapeLeft UIInterfaceOrientationLandscapeRight";
				LD_RUNPATH_SEARCH_PATHS = (
					"$(inherited)",
					"@executable_path/Frameworks",
				);
				MARKETING_VERSION = 1.0;
				PRODUCT_BUNDLE_IDENTIFIER = com.pugazh.DJYOUMEE.DJYOUMEE;
				PRODUCT_NAME = "$(TARGET_NAME)";
				SUPPORTED_PLATFORMS = "iphoneos iphonesimulator";
				SUPPORTS_MACCATALYST = NO;
				SUPPORTS_MAC_DESIGNED_FOR_IPHONE_IPAD = NO;
				SWIFT_EMIT_LOC_STRINGS = YES;
				SWIFT_VERSION = 5.0;
				TARGETED_DEVICE_FAMILY = 1;
			};
			name = Debug;
		};
		03D175F729FBBFE3001D1EE1 /* Release */ = {
			isa = XCBuildConfiguration;
			buildSettings = {
				ASSETCATALOG_COMPILER_APPICON_NAME = AppIcon;
				ASSETCATALOG_COMPILER_GLOBAL_ACCENT_COLOR_NAME = AccentColor;
				CODE_SIGN_STYLE = Automatic;
				CURRENT_PROJECT_VERSION = 1;
				DEVELOPMENT_TEAM = 25AE7Y4TP9;
				GENERATE_INFOPLIST_FILE = YES;
				INFOPLIST_FILE = DJYOUMEE/Info.plist;
				INFOPLIST_KEY_UIApplicationSupportsIndirectInputEvents = YES;
				INFOPLIST_KEY_UILaunchStoryboardName = LaunchScreen;
				INFOPLIST_KEY_UIMainStoryboardFile = Main;
				INFOPLIST_KEY_UISupportedInterfaceOrientations_iPad = "UIInterfaceOrientationPortrait UIInterfaceOrientationPortraitUpsideDown UIInterfaceOrientationLandscapeLeft UIInterfaceOrientationLandscapeRight";
				INFOPLIST_KEY_UISupportedInterfaceOrientations_iPhone = "UIInterfaceOrientationPortrait UIInterfaceOrientationLandscapeLeft UIInterfaceOrientationLandscapeRight";
				LD_RUNPATH_SEARCH_PATHS = (
					"$(inherited)",
					"@executable_path/Frameworks",
				);
				MARKETING_VERSION = 1.0;
				PRODUCT_BUNDLE_IDENTIFIER = com.pugazh.DJYOUMEE.DJYOUMEE;
				PRODUCT_NAME = "$(TARGET_NAME)";
				SUPPORTED_PLATFORMS = "iphoneos iphonesimulator";
				SUPPORTS_MACCATALYST = NO;
				SUPPORTS_MAC_DESIGNED_FOR_IPHONE_IPAD = NO;
				SWIFT_EMIT_LOC_STRINGS = YES;
				SWIFT_VERSION = 5.0;
				TARGETED_DEVICE_FAMILY = 1;
			};
			name = Release;
		};
/* End XCBuildConfiguration section */

/* Begin XCConfigurationList section */
		03D175DC29FBBFE2001D1EE1 /* Build configuration list for PBXProject "DJYOUMEE" */ = {
			isa = XCConfigurationList;
			buildConfigurations = (
				03D175F329FBBFE3001D1EE1 /* Debug */,
				03D175F429FBBFE3001D1EE1 /* Release */,
			);
			defaultConfigurationIsVisible = 0;
			defaultConfigurationName = Release;
		};
		03D175F529FBBFE3001D1EE1 /* Build configuration list for PBXNativeTarget "DJYOUMEE" */ = {
			isa = XCConfigurationList;
			buildConfigurations = (
				03D175F629FBBFE3001D1EE1 /* Debug */,
				03D175F729FBBFE3001D1EE1 /* Release */,
			);
			defaultConfigurationIsVisible = 0;
			defaultConfigurationName = Release;
		};
/* End XCConfigurationList section */
	};
	rootObject = 03D175D929FBBFE2001D1EE1 /* Project object */;
}
